
Microsoft Visual Studio Solution File, Format Version 12.00
# Visual Studio Version 17
VisualStudioVersion = 17.5.33516.290
MinimumVisualStudioVersion = 10.0.40219.1
Project("{FAE04EC0-301F-11D3-BF4B-00C04F79EFBC}") = "facebook", "facebook\facebook.csproj", "{7993E974-C180-4B80-96B4-0A516D8517FB}"
EndProject
Global
	GlobalSection(SolutionConfigurationPlatforms) = preSolution
		Debug|Any CPU = Debug|Any CPU
		Release|Any CPU = Release|Any CPU
	EndGlobalSection
	GlobalSection(ProjectConfigurationPlatforms) = postSolution
		{7993E974-C180-4B80-96B4-0A516D8517FB}.Debug|Any CPU.ActiveCfg = Debug|Any CPU
		{7993E974-C180-4B80-96B4-0A516D8517FB}.Debug|Any CPU.Build.0 = Debug|Any CPU
		{7993E974-C180-4B80-96B4-0A516D8517FB}.Release|Any CPU.ActiveCfg = Release|Any CPU
		{7993E974-C180-4B80-96B4-0A516D8517FB}.Release|Any CPU.Build.0 = Release|Any CPU
	EndGlobalSection
	GlobalSection(SolutionProperties) = preSolution
		HideSolutionNode = FALSE
	EndGlobalSection
	GlobalSection(ExtensibilityGlobals) = postSolution
		SolutionGuid = {3EEE6AB7-724E-4F31-B6DE-4062B8A64C6E}
	EndGlobalSection
EndGlobal
